// !$*UTF8*$!
{
	archiveVersion = 1;
	classes = {
	};
	objectVersion = 50;
	objects = {

/* Begin PBXBuildFile section */
		FADD034021098DD10041466F /* AppDelegate.m in Sources */ = {isa = PBXBuildFile; fileRef = FADD033F21098DD10041466F /* AppDelegate.m */; };
		FADD034321098DD10041466F /* ViewController.m in Sources */ = {isa = PBXBuildFile; fileRef = FADD034221098DD10041466F /* ViewController.m */; };
		FADD034621098DD10041466F /* Main.storyboard in Resources */ = {isa = PBXBuildFile; fileRef = FADD034421098DD10041466F /* Main.storyboard */; };
		FADD034921098DD10041466F /* calculator.xcdatamodeld in Sources */ = {isa = PBXBuildFile; fileRef = FADD034721098DD10041466F /* calculator.xcdatamodeld */; };
		FADD034B21098DD10041466F /* Assets.xcassets in Resources */ = {isa = PBXBuildFile; fileRef = FADD034A21098DD10041466F /* Assets.xcassets */; };
		FADD034E21098DD10041466F /* LaunchScreen.storyboard in Resources */ = {isa = PBXBuildFile; fileRef = FADD034C21098DD10041466F /* LaunchScreen.storyboard */; };
		FADD035121098DD10041466F /* main.m in Sources */ = {isa = PBXBuildFile; fileRef = FADD035021098DD10041466F /* main.m */; };
		FADD035B21098DD20041466F /* calculatorTests.m in Sources */ = {isa = PBXBuildFile; fileRef = FADD035A21098DD20041466F /* calculatorTests.m */; };
		FADD036621098DD20041466F /* calculatorUITests.m in Sources */ = {isa = PBXBuildFile; fileRef = FADD036521098DD20041466F /* calculatorUITests.m */; };
/* End PBXBuildFile section */

/* Begin PBXContainerItemProxy section */
		FADD035721098DD20041466F /* PBXContainerItemProxy */ = {
			isa = PBXContainerItemProxy;
			containerPortal = FADD033321098DD00041466F /* Project object */;
			proxyType = 1;
			remoteGlobalIDString = FADD033A21098DD10041466F;
			remoteInfo = calculator;
		};
		FADD036221098DD20041466F /* PBXContainerItemProxy */ = {
			isa = PBXContainerItemProxy;
			containerPortal = FADD033321098DD00041466F /* Project object */;
			proxyType = 1;
			remoteGlobalIDString = FADD033A21098DD10041466F;
			remoteInfo = calculator;
		};
/* End PBXContainerItemProxy section */

/* Begin PBXFileReference section */
		FADD033B21098DD10041466F /* calculator.app */ = {isa = PBXFileReference; explicitFileType = wrapper.application; includeInIndex = 0; path = calculator.app; sourceTree = BUILT_PRODUCTS_DIR; };
		FADD033E21098DD10041466F /* AppDelegate.h */ = {isa = PBXFileReference; lastKnownFileType = sourcecode.c.h; path = AppDelegate.h; sourceTree = "<group>"; };
		FADD033F21098DD10041466F /* AppDelegate.m */ = {isa = PBXFileReference; lastKnownFileType = sourcecode.c.objc; path = AppDelegate.m; sourceTree = "<group>"; };
		FADD034121098DD10041466F /* ViewController.h */ = {isa = PBXFileReference; lastKnownFileType = sourcecode.c.h; path = ViewController.h; sourceTree = "<group>"; };
		FADD034221098DD10041466F /* ViewController.m */ = {isa = PBXFileReference; lastKnownFileType = sourcecode.c.objc; path = ViewController.m; sourceTree = "<group>"; };
		FADD034521098DD10041466F /* Base */ = {isa = PBXFileReference; lastKnownFileType = file.storyboard; name = Base; path = Base.lproj/Main.storyboard; sourceTree = "<group>"; };
		FADD034821098DD10041466F /* calculator.xcdatamodel */ = {isa = PBXFileReference; lastKnownFileType = wrapper.xcdatamodel; path = calculator.xcdatamodel; sourceTree = "<group>"; };
		FADD034A21098DD10041466F /* Assets.xcassets */ = {isa = PBXFileReference; lastKnownFileType = folder.assetcatalog; path = Assets.xcassets; sourceTree = "<group>"; };
		FADD034D21098DD10041466F /* Base */ = {isa = PBXFileReference; lastKnownFileType = file.storyboard; name = Base; path = Base.lproj/LaunchScreen.storyboard; sourceTree = "<group>"; };
		FADD034F21098DD10041466F /* Info.plist */ = {isa = PBXFileReference; lastKnownFileType = text.plist.xml; path = Info.plist; sourceTree = "<group>"; };
		FADD035021098DD10041466F /* main.m */ = {isa = PBXFileReference; lastKnownFileType = sourcecode.c.objc; path = main.m; sourceTree = "<group>"; };
		FADD035621098DD20041466F /* calculatorTests.xctest */ = {isa = PBXFileReference; explicitFileType = wrapper.cfbundle; includeInIndex = 0; path = calculatorTests.xctest; sourceTree = BUILT_PRODUCTS_DIR; };
		FADD035A21098DD20041466F /* calculatorTests.m */ = {isa = PBXFileReference; lastKnownFileType = sourcecode.c.objc; path = calculatorTests.m; sourceTree = "<group>"; };
		FADD035C21098DD20041466F /* Info.plist */ = {isa = PBXFileReference; lastKnownFileType = text.plist.xml; path = Info.plist; sourceTree = "<group>"; };
		FADD036121098DD20041466F /* calculatorUITests.xctest */ = {isa = PBXFileReference; explicitFileType = wrapper.cfbundle; includeInIndex = 0; path = calculatorUITests.xctest; sourceTree = BUILT_PRODUCTS_DIR; };
		FADD036521098DD20041466F /* calculatorUITests.m */ = {isa = PBXFileReference; lastKnownFileType = sourcecode.c.objc; path = calculatorUITests.m; sourceTree = "<group>"; };
		FADD036721098DD20041466F /* Info.plist */ = {isa = PBXFileReference; lastKnownFileType = text.plist.xml; path = Info.plist; sourceTree = "<group>"; };
/* End PBXFileReference section */

/* Begin PBXFrameworksBuildPhase section */
		FADD033821098DD10041466F /* Frameworks */ = {
			isa = PBXFrameworksBuildPhase;
			buildActionMask = 2147483647;
			files = (
			);
			runOnlyForDeploymentPostprocessing = 0;
		};
		FADD035321098DD20041466F /* Frameworks */ = {
			isa = PBXFrameworksBuildPhase;
			buildActionMask = 2147483647;
			files = (
			);
			runOnlyForDeploymentPostprocessing = 0;
		};
		FADD035E21098DD20041466F /* Frameworks */ = {
			isa = PBXFrameworksBuildPhase;
			buildActionMask = 2147483647;
			files = (
			);
			runOnlyForDeploymentPostprocessing = 0;
		};
/* End PBXFrameworksBuildPhase section */

/* Begin PBXGroup section */
		FADD033221098DD00041466F = {
			isa = PBXGroup;
			children = (
				FADD033D21098DD10041466F /* calculator */,
				FADD035921098DD20041466F /* calculatorTests */,
				FADD036421098DD20041466F /* calculatorUITests */,
				FADD033C21098DD10041466F /* Products */,
			);
			sourceTree = "<group>";
		};
		FADD033C21098DD10041466F /* Products */ = {
			isa = PBXGroup;
			children = (
				FADD033B21098DD10041466F /* calculator.app */,
				FADD035621098DD20041466F /* calculatorTests.xctest */,
				FADD036121098DD20041466F /* calculatorUITests.xctest */,
			);
			name = Products;
			sourceTree = "<group>";
		};
		FADD033D21098DD10041466F /* calculator */ = {
			isa = PBXGroup;
			children = (
				FADD033E21098DD10041466F /* AppDelegate.h */,
				FADD033F21098DD10041466F /* AppDelegate.m */,
				FADD034121098DD10041466F /* ViewController.h */,
				FADD034221098DD10041466F /* ViewController.m */,
				FADD034421098DD10041466F /* Main.storyboard */,
				FADD034A21098DD10041466F /* Assets.xcassets */,
				FADD034C21098DD10041466F /* LaunchScreen.storyboard */,
				FADD034F21098DD10041466F /* Info.plist */,
				FADD035021098DD10041466F /* main.m */,
				FADD034721098DD10041466F /* calculator.xcdatamodeld */,
			);
			path = calculator;
			sourceTree = "<group>";
		};
		FADD035921098DD20041466F /* calculatorTests */ = {
			isa = PBXGroup;
			children = (
				FADD035A21098DD20041466F /* calculatorTests.m */,
				FADD035C21098DD20041466F /* Info.plist */,
			);
			path = calculatorTests;
			sourceTree = "<group>";
		};
		FADD036421098DD20041466F /* calculatorUITests */ = {
			isa = PBXGroup;
			children = (
				FADD036521098DD20041466F /* calculatorUITests.m */,
				FADD036721098DD20041466F /* Info.plist */,
			);
			path = calculatorUITests;
			sourceTree = "<group>";
		};
/* End PBXGroup section */

/* Begin PBXNativeTarget section */
		FADD033A21098DD10041466F /* calculator */ = {
			isa = PBXNativeTarget;
			buildConfigurationList = FADD036A21098DD20041466F /* Build configuration list for PBXNativeTarget "calculator" */;
			buildPhases = (
				FADD033721098DD10041466F /* Sources */,
				FADD033821098DD10041466F /* Frameworks */,
				FADD033921098DD10041466F /* Resources */,
			);
			buildRules = (
			);
			dependencies = (
			);
			name = calculator;
			productName = calculator;
			productReference = FADD033B21098DD10041466F /* calculator.app */;
			productType = "com.apple.product-type.application";
		};
		FADD035521098DD20041466F /* calculatorTests */ = {
			isa = PBXNativeTarget;
			buildConfigurationList = FADD036D21098DD20041466F /* Build configuration list for PBXNativeTarget "calculatorTests" */;
			buildPhases = (
				FADD035221098DD20041466F /* Sources */,
				FADD035321098DD20041466F /* Frameworks */,
				FADD035421098DD20041466F /* Resources */,
			);
			buildRules = (
			);
			dependencies = (
				FADD035821098DD20041466F /* PBXTargetDependency */,
			);
			name = calculatorTests;
			productName = calculatorTests;
			productReference = FADD035621098DD20041466F /* calculatorTests.xctest */;
			productType = "com.apple.product-type.bundle.unit-test";
		};
		FADD036021098DD20041466F /* calculatorUITests */ = {
			isa = PBXNativeTarget;
			buildConfigurationList = FADD037021098DD20041466F /* Build configuration list for PBXNativeTarget "calculatorUITests" */;
			buildPhases = (
				FADD035D21098DD20041466F /* Sources */,
				FADD035E21098DD20041466F /* Frameworks */,
				FADD035F21098DD20041466F /* Resources */,
			);
			buildRules = (
			);
			dependencies = (
				FADD036321098DD20041466F /* PBXTargetDependency */,
			);
			name = calculatorUITests;
			productName = calculatorUITests;
			productReference = FADD036121098DD20041466F /* calculatorUITests.xctest */;
			productType = "com.apple.product-type.bundle.ui-testing";
		};
/* End PBXNativeTarget section */

/* Begin PBXProject section */
		FADD033321098DD00041466F /* Project object */ = {
			isa = PBXProject;
			attributes = {
				LastUpgradeCheck = 0940;
				ORGANIZATIONNAME = hemeirong;
				TargetAttributes = {
					FADD033A21098DD10041466F = {
						CreatedOnToolsVersion = 9.4.1;
					};
					FADD035521098DD20041466F = {
						CreatedOnToolsVersion = 9.4.1;
						TestTargetID = FADD033A21098DD10041466F;
					};
					FADD036021098DD20041466F = {
						CreatedOnToolsVersion = 9.4.1;
						TestTargetID = FADD033A21098DD10041466F;
					};
				};
			};
			buildConfigurationList = FADD033621098DD00041466F /* Build configuration list for PBXProject "calculator" */;
			compatibilityVersion = "Xcode 9.3";
			developmentRegion = en;
			hasScannedForEncodings = 0;
			knownRegions = (
				en,
				Base,
			);
			mainGroup = FADD033221098DD00041466F;
			productRefGroup = FADD033C21098DD10041466F /* Products */;
			projectDirPath = "";
			projectRoot = "";
			targets = (
				FADD033A21098DD10041466F /* calculator */,
				FADD035521098DD20041466F /* calculatorTests */,
				FADD036021098DD20041466F /* calculatorUITests */,
			);
		};
/* End PBXProject section */

/* Begin PBXResourcesBuildPhase section */
		FADD033921098DD10041466F /* Resources */ = {
			isa = PBXResourcesBuildPhase;
			buildActionMask = 2147483647;
			files = (
				FADD034E21098DD10041466F /* LaunchScreen.storyboard in Resources */,
				FADD034B21098DD10041466F /* Assets.xcassets in Resources */,
				FADD034621098DD10041466F /* Main.storyboard in Resources */,
			);
			runOnlyForDeploymentPostprocessing = 0;
		};
		FADD035421098DD20041466F /* Resources */ = {
			isa = PBXResourcesBuildPhase;
			buildActionMask = 2147483647;
			files = (
			);
			runOnlyForDeploymentPostprocessing = 0;
		};
		FADD035F21098DD20041466F /* Resources */ = {
			isa = PBXResourcesBuildPhase;
			buildActionMask = 2147483647;
			files = (
			);
			runOnlyForDeploymentPostprocessing = 0;
		};
/* End PBXResourcesBuildPhase section */

/* Begin PBXSourcesBuildPhase section */
		FADD033721098DD10041466F /* Sources */ = {
			isa = PBXSourcesBuildPhase;
			buildActionMask = 2147483647;
			files = (
				FADD034321098DD10041466F /* ViewController.m in Sources */,
				FADD034921098DD10041466F /* calculator.xcdatamodeld in Sources */,
				FADD035121098DD10041466F /* main.m in Sources */,
				FADD034021098DD10041466F /* AppDelegate.m in Sources */,
			);
			runOnlyForDeploymentPostprocessing = 0;
		};
		FADD035221098DD20041466F /* Sources */ = {
			isa = PBXSourcesBuildPhase;
			buildActionMask = 2147483647;
			files = (
				FADD035B21098DD20041466F /* calculatorTests.m in Sources */,
			);
			runOnlyForDeploymentPostprocessing = 0;
		};
		FADD035D21098DD20041466F /* Sources */ = {
			isa = PBXSourcesBuildPhase;
			buildActionMask = 2147483647;
			files = (
				FADD036621098DD20041466F /* calculatorUITests.m in Sources */,
			);
			runOnlyForDeploymentPostprocessing = 0;
		};
/* End PBXSourcesBuildPhase section */

/* Begin PBXTargetDependency section */
		FADD035821098DD20041466F /* PBXTargetDependency */ = {
			isa = PBXTargetDependency;
			target = FADD033A21098DD10041466F /* calculator */;
			targetProxy = FADD035721098DD20041466F /* PBXContainerItemProxy */;
		};
		FADD036321098DD20041466F /* PBXTargetDependency */ = {
			isa = PBXTargetDependency;
			target = FADD033A21098DD10041466F /* calculator */;
			targetProxy = FADD036221098DD20041466F /* PBXContainerItemProxy */;
		};
/* End PBXTargetDependency section */

/* Begin PBXVariantGroup section */
		FADD034421098DD10041466F /* Main.storyboard */ = {
			isa = PBXVariantGroup;
			children = (
				FADD034521098DD10041466F /* Base */,
			);
			name = Main.storyboard;
			sourceTree = "<group>";
		};
		FADD034C21098DD10041466F /* LaunchScreen.storyboard */ = {
			isa = PBXVariantGroup;
			children = (
				FADD034D21098DD10041466F /* Base */,
			);
			name = LaunchScreen.storyboard;
			sourceTree = "<group>";
		};
/* End PBXVariantGroup section */

/* Begin XCBuildConfiguration section */
		FADD036821098DD20041466F /* Debug */ = {
			isa = XCBuildConfiguration;
			buildSettings = {
				ALWAYS_SEARCH_USER_PATHS = NO;
				CLANG_ANALYZER_NONNULL = YES;
				CLANG_ANALYZER_NUMBER_OBJECT_CONVERSION = YES_AGGRESSIVE;
				CLANG_CXX_LANGUAGE_STANDARD = "gnu++14";
				CLANG_CXX_LIBRARY = "libc++";
				CLANG_ENABLE_MODULES = YES;
				CLANG_ENABLE_OBJC_ARC = YES;
				CLANG_ENABLE_OBJC_WEAK = YES;
				CLANG_WARN_BLOCK_CAPTURE_AUTORELEASING = YES;
				CLANG_WARN_BOOL_CONVERSION = YES;
				CLANG_WARN_COMMA = YES;
				CLANG_WARN_CONSTANT_CONVERSION = YES;
				CLANG_WARN_DEPRECATED_OBJC_IMPLEMENTATIONS = YES;
				CLANG_WARN_DIRECT_OBJC_ISA_USAGE = YES_ERROR;
				CLANG_WARN_DOCUMENTATION_COMMENTS = YES;
				CLANG_WARN_EMPTY_BODY = YES;
				CLANG_WARN_ENUM_CONVERSION = YES;
				CLANG_WARN_INFINITE_RECURSION = YES;
				CLANG_WARN_INT_CONVERSION = YES;
				CLANG_WARN_NON_LITERAL_NULL_CONVERSION = YES;
				CLANG_WARN_OBJC_IMPLICIT_RETAIN_SELF = YES;
				CLANG_WARN_OBJC_LITERAL_CONVERSION = YES;
				CLANG_WARN_OBJC_ROOT_CLASS = YES_ERROR;
				CLANG_WARN_RANGE_LOOP_ANALYSIS = YES;
				CLANG_WARN_STRICT_PROTOTYPES = YES;
				CLANG_WARN_SUSPICIOUS_MOVE = YES;
				CLANG_WARN_UNGUARDED_AVAILABILITY = YES_AGGRESSIVE;
				CLANG_WARN_UNREACHABLE_CODE = YES;
				CLANG_WARN__DUPLICATE_METHOD_MATCH = YES;
				CODE_SIGN_IDENTITY = "iPhone Developer";
				COPY_PHASE_STRIP = NO;
				DEBUG_INFORMATION_FORMAT = dwarf;
				ENABLE_STRICT_OBJC_MSGSEND = YES;
				ENABLE_TESTABILITY = YES;
				GCC_C_LANGUAGE_STANDARD = gnu11;
				GCC_DYNAMIC_NO_PIC = NO;
				GCC_NO_COMMON_BLOCKS = YES;
				GCC_OPTIMIZATION_LEVEL = 0;
				GCC_PREPROCESSOR_DEFINITIONS = (
					"DEBUG=1",
					"$(inherited)",
				);
				GCC_WARN_64_TO_32_BIT_CONVERSION = YES;
				GCC_WARN_ABOUT_RETURN_TYPE = YES_ERROR;
				GCC_WARN_UNDECLARED_SELECTOR = YES;
				GCC_WARN_UNINITIALIZED_AUTOS = YES_AGGRESSIVE;
				GCC_WARN_UNUSED_FUNCTION = YES;
				GCC_WARN_UNUSED_VARIABLE = YES;
				IPHONEOS_DEPLOYMENT_TARGET = 11.2;
				MTL_ENABLE_DEBUG_INFO = YES;
				ONLY_ACTIVE_ARCH = YES;
				SDKROOT = iphoneos;
			};
			name = Debug;
		};
		FADD036921098DD20041466F /* Release */ = {
			isa = XCBuildConfiguration;
			buildSettings = {
				ALWAYS_SEARCH_USER_PATHS = NO;
				CLANG_ANALYZER_NONNULL = YES;
				CLANG_ANALYZER_NUMBER_OBJECT_CONVERSION = YES_AGGRESSIVE;
				CLANG_CXX_LANGUAGE_STANDARD = "gnu++14";
				CLANG_CXX_LIBRARY = "libc++";
				CLANG_ENABLE_MODULES = YES;
				CLANG_ENABLE_OBJC_ARC = YES;
				CLANG_ENABLE_OBJC_WEAK = YES;
				CLANG_WARN_BLOCK_CAPTURE_AUTORELEASING = YES;
				CLANG_WARN_BOOL_CONVERSION = YES;
				CLANG_WARN_COMMA = YES;
				CLANG_WARN_CONSTANT_CONVERSION = YES;
				CLANG_WARN_DEPRECATED_OBJC_IMPLEMENTATIONS = YES;
				CLANG_WARN_DIRECT_OBJC_ISA_USAGE = YES_ERROR;
				CLANG_WARN_DOCUMENTATION_COMMENTS = YES;
				CLANG_WARN_EMPTY_BODY = YES;
				CLANG_WARN_ENUM_CONVERSION = YES;
				CLANG_WARN_INFINITE_RECURSION = YES;
				CLANG_WARN_INT_CONVERSION = YES;
				CLANG_WARN_NON_LITERAL_NULL_CONVERSION = YES;
				CLANG_WARN_OBJC_IMPLICIT_RETAIN_SELF = YES;
				CLANG_WARN_OBJC_LITERAL_CONVERSION = YES;
				CLANG_WARN_OBJC_ROOT_CLASS = YES_ERROR;
				CLANG_WARN_RANGE_LOOP_ANALYSIS = YES;
				CLANG_WARN_STRICT_PROTOTYPES = YES;
				CLANG_WARN_SUSPICIOUS_MOVE = YES;
				CLANG_WARN_UNGUARDED_AVAILABILITY = YES_AGGRESSIVE;
				CLANG_WARN_UNREACHABLE_CODE = YES;
				CLANG_WARN__DUPLICATE_METHOD_MATCH = YES;
				CODE_SIGN_IDENTITY = "iPhone Developer";
				COPY_PHASE_STRIP = NO;
				DEBUG_INFORMATION_FORMAT = "dwarf-with-dsym";
				ENABLE_NS_ASSERTIONS = NO;
				ENABLE_STRICT_OBJC_MSGSEND = YES;
				GCC_C_LANGUAGE_STANDARD = gnu11;
				GCC_NO_COMMON_BLOCKS = YES;
				GCC_WARN_64_TO_32_BIT_CONVERSION = YES;
				GCC_WARN_ABOUT_RETURN_TYPE = YES_ERROR;
				GCC_WARN_UNDECLARED_SELECTOR = YES;
				GCC_WARN_UNINITIALIZED_AUTOS = YES_AGGRESSIVE;
				GCC_WARN_UNUSED_FUNCTION = YES;
				GCC_WARN_UNUSED_VARIABLE = YES;
				IPHONEOS_DEPLOYMENT_TARGET = 11.2;
				MTL_ENABLE_DEBUG_INFO = NO;
				SDKROOT = iphoneos;
				VALIDATE_PRODUCT = YES;
			};
			name = Release;
		};
		FADD036B21098DD20041466F /* Debug */ = {
			isa = XCBuildConfiguration;
			buildSettings = {
				ASSETCATALOG_COMPILER_APPICON_NAME = AppIcon;
				CODE_SIGN_STYLE = Automatic;
				DEVELOPMENT_TEAM = YQ4LG2C2LU;
				INFOPLIST_FILE = calculator/Info.plist;
				IPHONEOS_DEPLOYMENT_TARGET = 10.2;
				LD_RUNPATH_SEARCH_PATHS = (
					"$(inherited)",
					"@executable_path/Frameworks",
				);
				PRODUCT_BUNDLE_IDENTIFIER = org.calculator.he;
				PRODUCT_NAME = "$(TARGET_NAME)";
				TARGETED_DEVICE_FAMILY = "1,2";
			};
			name = Debug;
		};
		FADD036C21098DD20041466F /* Release */ = {
			isa = XCBuildConfiguration;
			buildSettings = {
				ASSETCATALOG_COMPILER_APPICON_NAME = AppIcon;
				CODE_SIGN_STYLE = Automatic;
				DEVELOPMENT_TEAM = YQ4LG2C2LU;
				INFOPLIST_FILE = calculator/Info.plist;
				IPHONEOS_DEPLOYMENT_TARGET = 10.2;
				LD_RUNPATH_SEARCH_PATHS = (
					"$(inherited)",
					"@executable_path/Frameworks",
				);
				PRODUCT_BUNDLE_IDENTIFIER = org.calculator.he;
				PRODUCT_NAME = "$(TARGET_NAME)";
				TARGETED_DEVICE_FAMILY = "1,2";
			};
			name = Release;
		};
		FADD036E21098DD20041466F /* Debug */ = {
			isa = XCBuildConfiguration;
			buildSettings = {
				BUNDLE_LOADER = "$(TEST_HOST)";
				CODE_SIGN_STYLE = Automatic;
				DEVELOPMENT_TEAM = YQ4LG2C2LU;
				INFOPLIST_FILE = calculatorTests/Info.plist;
				LD_RUNPATH_SEARCH_PATHS = (
					"$(inherited)",
					"@executable_path/Frameworks",
					"@loader_path/Frameworks",
				);
				PRODUCT_BUNDLE_IDENTIFIER = org.calculatorTests;
				PRODUCT_NAME = "$(TARGET_NAME)";
				TARGETED_DEVICE_FAMILY = "1,2";
				TEST_HOST = "$(BUILT_PRODUCTS_DIR)/calculator.app/calculator";
			};
			name = Debug;
		};
		FADD036F21098DD20041466F /* Release */ = {
			isa = XCBuildConfiguration;
			buildSettings = {
				BUNDLE_LOADER = "$(TEST_HOST)";
				CODE_SIGN_STYLE = Automatic;
				DEVELOPMENT_TEAM = YQ4LG2C2LU;
				INFOPLIST_FILE = calculatorTests/Info.plist;
				LD_RUNPATH_SEARCH_PATHS = (
					"$(inherited)",
					"@executable_path/Frameworks",
					"@loader_path/Frameworks",
				);
				PRODUCT_BUNDLE_IDENTIFIER = org.calculatorTests;
				PRODUCT_NAME = "$(TARGET_NAME)";
				TARGETED_DEVICE_FAMILY = "1,2";
				TEST_HOST = "$(BUILT_PRODUCTS_DIR)/calculator.app/calculator";
			};
			name = Release;
		};
		FADD037121098DD20041466F /* Debug */ = {
			isa = XCBuildConfiguration;
			buildSettings = {
				CODE_SIGN_STYLE = Automatic;
				DEVELOPMENT_TEAM = YQ4LG2C2LU;
				INFOPLIST_FILE = calculatorUITests/Info.plist;
				LD_RUNPATH_SEARCH_PATHS = (
					"$(inherited)",
					"@executable_path/Frameworks",
					"@loader_path/Frameworks",
				);
				PRODUCT_BUNDLE_IDENTIFIER = org.calculatorUITests;
				PRODUCT_NAME = "$(TARGET_NAME)";
				TARGETED_DEVICE_FAMILY = "1,2";
				TEST_TARGET_NAME = calculator;
			};
			name = Debug;
		};
		FADD037221098DD20041466F /* Release */ = {
			isa = XCBuildConfiguration;
			buildSettings = {
				CODE_SIGN_STYLE = Automatic;
				DEVELOPMENT_TEAM = YQ4LG2C2LU;
				INFOPLIST_FILE = calculatorUITests/Info.plist;
				LD_RUNPATH_SEARCH_PATHS = (
					"$(inherited)",
					"@executable_path/Frameworks",
					"@loader_path/Frameworks",
				);
				PRODUCT_BUNDLE_IDENTIFIER = org.calculatorUITests;
				PRODUCT_NAME = "$(TARGET_NAME)";
				TARGETED_DEVICE_FAMILY = "1,2";
				TEST_TARGET_NAME = calculator;
			};
			name = Release;
		};
/* End XCBuildConfiguration section */

/* Begin XCConfigurationList section */
		FADD033621098DD00041466F /* Build configuration list for PBXProject "calculator" */ = {
			isa = XCConfigurationList;
			buildConfigurations = (
				FADD036821098DD20041466F /* Debug */,
				FADD036921098DD20041466F /* Release */,
			);
			defaultConfigurationIsVisible = 0;
			defaultConfigurationName = Release;
		};
		FADD036A21098DD20041466F /* Build configuration list for PBXNativeTarget "calculator" */ = {
			isa = XCConfigurationList;
			buildConfigurations = (
				FADD036B21098DD20041466F /* Debug */,
				FADD036C21098DD20041466F /* Release */,
			);
			defaultConfigurationIsVisible = 0;
			defaultConfigurationName = Release;
		};
		FADD036D21098DD20041466F /* Build configuration list for PBXNativeTarget "calculatorTests" */ = {
			isa = XCConfigurationList;
			buildConfigurations = (
				FADD036E21098DD20041466F /* Debug */,
				FADD036F21098DD20041466F /* Release */,
			);
			defaultConfigurationIsVisible = 0;
			defaultConfigurationName = Release;
		};
		FADD037021098DD20041466F /* Build configuration list for PBXNativeTarget "calculatorUITests" */ = {
			isa = XCConfigurationList;
			buildConfigurations = (
				FADD037121098DD20041466F /* Debug */,
				FADD037221098DD20041466F /* Release */,
			);
			defaultConfigurationIsVisible = 0;
			defaultConfigurationName = Release;
		};
/* End XCConfigurationList section */

/* Begin XCVersionGroup section */
		FADD034721098DD10041466F /* calculator.xcdatamodeld */ = {
			isa = XCVersionGroup;
			children = (
				FADD034821098DD10041466F /* calculator.xcdatamodel */,
			);
			currentVersion = FADD034821098DD10041466F /* calculator.xcdatamodel */;
			path = calculator.xcdatamodeld;
			sourceTree = "<group>";
			versionGroupType = wrapper.xcdatamodel;
		};
/* End XCVersionGroup section */
	};
	rootObject = FADD033321098DD00041466F /* Project object */;
}
